// !$*UTF8*$!
{
	archiveVersion = 1;
	classes = {
	};
	objectVersion = 46;
	objects = {

/* Begin PBXBuildFile section */
		078BA2AB15A7F82A005068A2 /* UIKit.framework in Frameworks */ = {isa = PBXBuildFile; fileRef = 078BA2AA15A7F82A005068A2 /* UIKit.framework */; };
		078BA2AD15A7F82A005068A2 /* Foundation.framework in Frameworks */ = {isa = PBXBuildFile; fileRef = 078BA2AC15A7F82A005068A2 /* Foundation.framework */; };
		078BA2AF15A7F82A005068A2 /* CoreGraphics.framework in Frameworks */ = {isa = PBXBuildFile; fileRef = 078BA2AE15A7F82A005068A2 /* CoreGraphics.framework */; };
		078BA2B515A7F82A005068A2 /* InfoPlist.strings in Resources */ = {isa = PBXBuildFile; fileRef = 078BA2B315A7F82A005068A2 /* InfoPlist.strings */; };
		078BA2B715A7F82A005068A2 /* main.m in Sources */ = {isa = PBXBuildFile; fileRef = 078BA2B615A7F82A005068A2 /* main.m */; };
		078BA2BB15A7F82A005068A2 /* AppDelegate.m in Sources */ = {isa = PBXBuildFile; fileRef = 078BA2BA15A7F82A005068A2 /* AppDelegate.m */; };
		078BA2BE15A7F82A005068A2 /* MainStoryboard.storyboard in Resources */ = {isa = PBXBuildFile; fileRef = 078BA2BC15A7F82A005068A2 /* MainStoryboard.storyboard */; };
		078BA2C115A7F82A005068A2 /* ViewController.m in Sources */ = {isa = PBXBuildFile; fileRef = 078BA2C015A7F82A005068A2 /* ViewController.m */; };
		078BA2C815A7F837005068A2 /* OpenAL.framework in Frameworks */ = {isa = PBXBuildFile; fileRef = 078BA2C715A7F837005068A2 /* OpenAL.framework */; };
		078BA2CA15A7F83B005068A2 /* AudioToolbox.framework in Frameworks */ = {isa = PBXBuildFile; fileRef = 078BA2C915A7F83B005068A2 /* AudioToolbox.framework */; };
		078BA2CD15A7F8C9005068A2 /* OpenALHelper.m in Sources */ = {isa = PBXBuildFile; fileRef = 078BA2CC15A7F8C9005068A2 /* OpenALHelper.m */; };
		078BA2D015A7F8D9005068A2 /* Basso.caf in Resources */ = {isa = PBXBuildFile; fileRef = 078BA2CE15A7F8D9005068A2 /* Basso.caf */; };
		078BA2D115A7F8D9005068A2 /* Sosumi.caf in Resources */ = {isa = PBXBuildFile; fileRef = 078BA2CF15A7F8D9005068A2 /* Sosumi.caf */; };
/* End PBXBuildFile section */

/* Begin PBXFileReference section */
		078BA2A615A7F82A005068A2 /* OpenAL-1.app */ = {isa = PBXFileReference; explicitFileType = wrapper.application; includeInIndex = 0; path = "OpenAL-1.app"; sourceTree = BUILT_PRODUCTS_DIR; };
		078BA2AA15A7F82A005068A2 /* UIKit.framework */ = {isa = PBXFileReference; lastKnownFileType = wrapper.framework; name = UIKit.framework; path = System/Library/Frameworks/UIKit.framework; sourceTree = SDKROOT; };
		078BA2AC15A7F82A005068A2 /* Foundation.framework */ = {isa = PBXFileReference; lastKnownFileType = wrapper.framework; name = Foundation.framework; path = System/Library/Frameworks/Foundation.framework; sourceTree = SDKROOT; };
		078BA2AE15A7F82A005068A2 /* CoreGraphics.framework */ = {isa = PBXFileReference; lastKnownFileType = wrapper.framework; name = CoreGraphics.framework; path = System/Library/Frameworks/CoreGraphics.framework; sourceTree = SDKROOT; };
		078BA2B215A7F82A005068A2 /* OpenAL-1-Info.plist */ = {isa = PBXFileReference; lastKnownFileType = text.plist.xml; path = "OpenAL-1-Info.plist"; sourceTree = "<group>"; };
		078BA2B415A7F82A005068A2 /* en */ = {isa = PBXFileReference; lastKnownFileType = text.plist.strings; name = en; path = en.lproj/InfoPlist.strings; sourceTree = "<group>"; };
		078BA2B615A7F82A005068A2 /* main.m */ = {isa = PBXFileReference; lastKnownFileType = sourcecode.c.objc; path = main.m; sourceTree = "<group>"; };
		078BA2B815A7F82A005068A2 /* OpenAL-1-Prefix.pch */ = {isa = PBXFileReference; lastKnownFileType = sourcecode.c.h; path = "OpenAL-1-Prefix.pch"; sourceTree = "<group>"; };
		078BA2B915A7F82A005068A2 /* AppDelegate.h */ = {isa = PBXFileReference; lastKnownFileType = sourcecode.c.h; path = AppDelegate.h; sourceTree = "<group>"; };
		078BA2BA15A7F82A005068A2 /* AppDelegate.m */ = {isa = PBXFileReference; lastKnownFileType = sourcecode.c.objc; path = AppDelegate.m; sourceTree = "<group>"; };
		078BA2BD15A7F82A005068A2 /* en */ = {isa = PBXFileReference; lastKnownFileType = file.storyboard; name = en; path = en.lproj/MainStoryboard.storyboard; sourceTree = "<group>"; };
		078BA2BF15A7F82A005068A2 /* ViewController.h */ = {isa = PBXFileReference; lastKnownFileType = sourcecode.c.h; path = ViewController.h; sourceTree = "<group>"; };
		078BA2C015A7F82A005068A2 /* ViewController.m */ = {isa = PBXFileReference; lastKnownFileType = sourcecode.c.objc; path = ViewController.m; sourceTree = "<group>"; };
		078BA2C715A7F837005068A2 /* OpenAL.framework */ = {isa = PBXFileReference; lastKnownFileType = wrapper.framework; name = OpenAL.framework; path = System/Library/Frameworks/OpenAL.framework; sourceTree = SDKROOT; };
		078BA2C915A7F83B005068A2 /* AudioToolbox.framework */ = {isa = PBXFileReference; lastKnownFileType = wrapper.framework; name = AudioToolbox.framework; path = System/Library/Frameworks/AudioToolbox.framework; sourceTree = SDKROOT; };
		078BA2CB15A7F8C9005068A2 /* OpenALHelper.h */ = {isa = PBXFileReference; fileEncoding = 4; lastKnownFileType = sourcecode.c.h; path = OpenALHelper.h; sourceTree = "<group>"; };
		078BA2CC15A7F8C9005068A2 /* OpenALHelper.m */ = {isa = PBXFileReference; fileEncoding = 4; lastKnownFileType = sourcecode.c.objc; path = OpenALHelper.m; sourceTree = "<group>"; };
		078BA2CE15A7F8D9005068A2 /* Basso.caf */ = {isa = PBXFileReference; lastKnownFileType = file; path = Basso.caf; sourceTree = "<group>"; };
		078BA2CF15A7F8D9005068A2 /* Sosumi.caf */ = {isa = PBXFileReference; lastKnownFileType = file; path = Sosumi.caf; sourceTree = "<group>"; };
/* End PBXFileReference section */

/* Begin PBXFrameworksBuildPhase section */
		078BA2A315A7F82A005068A2 /* Frameworks */ = {
			isa = PBXFrameworksBuildPhase;
			buildActionMask = 2147483647;
			files = (
				078BA2CA15A7F83B005068A2 /* AudioToolbox.framework in Frameworks */,
				078BA2C815A7F837005068A2 /* OpenAL.framework in Frameworks */,
				078BA2AB15A7F82A005068A2 /* UIKit.framework in Frameworks */,
				078BA2AD15A7F82A005068A2 /* Foundation.framework in Frameworks */,
				078BA2AF15A7F82A005068A2 /* CoreGraphics.framework in Frameworks */,
			);
			runOnlyForDeploymentPostprocessing = 0;
		};
/* End PBXFrameworksBuildPhase section */

/* Begin PBXGroup section */
		078BA29B15A7F82A005068A2 = {
			isa = PBXGroup;
			children = (
				078BA2C915A7F83B005068A2 /* AudioToolbox.framework */,
				078BA2C715A7F837005068A2 /* OpenAL.framework */,
				078BA2B015A7F82A005068A2 /* OpenAL-1 */,
				078BA2A915A7F82A005068A2 /* Frameworks */,
				078BA2A715A7F82A005068A2 /* Products */,
			);
			sourceTree = "<group>";
		};
		078BA2A715A7F82A005068A2 /* Products */ = {
			isa = PBXGroup;
			children = (
				078BA2A615A7F82A005068A2 /* OpenAL-1.app */,
			);
			name = Products;
			sourceTree = "<group>";
		};
		078BA2A915A7F82A005068A2 /* Frameworks */ = {
			isa = PBXGroup;
			children = (
				078BA2AA15A7F82A005068A2 /* UIKit.framework */,
				078BA2AC15A7F82A005068A2 /* Foundation.framework */,
				078BA2AE15A7F82A005068A2 /* CoreGraphics.framework */,
			);
			name = Frameworks;
			sourceTree = "<group>";
		};
		078BA2B015A7F82A005068A2 /* OpenAL-1 */ = {
			isa = PBXGroup;
			children = (
				078BA2D215A7F8F6005068A2 /* sounds */,
				078BA2CB15A7F8C9005068A2 /* OpenALHelper.h */,
				078BA2CC15A7F8C9005068A2 /* OpenALHelper.m */,
				078BA2B915A7F82A005068A2 /* AppDelegate.h */,
				078BA2BA15A7F82A005068A2 /* AppDelegate.m */,
				078BA2BC15A7F82A005068A2 /* MainStoryboard.storyboard */,
				078BA2BF15A7F82A005068A2 /* ViewController.h */,
				078BA2C015A7F82A005068A2 /* ViewController.m */,
				078BA2B115A7F82A005068A2 /* Supporting Files */,
			);
			path = "OpenAL-1";
			sourceTree = "<group>";
		};
		078BA2B115A7F82A005068A2 /* Supporting Files */ = {
			isa = PBXGroup;
			children = (
				078BA2B215A7F82A005068A2 /* OpenAL-1-Info.plist */,
				078BA2B315A7F82A005068A2 /* InfoPlist.strings */,
				078BA2B615A7F82A005068A2 /* main.m */,
				078BA2B815A7F82A005068A2 /* OpenAL-1-Prefix.pch */,
			);
			name = "Supporting Files";
			sourceTree = "<group>";
		};
		078BA2D215A7F8F6005068A2 /* sounds */ = {
			isa = PBXGroup;
			children = (
				078BA2CE15A7F8D9005068A2 /* Basso.caf */,
				078BA2CF15A7F8D9005068A2 /* Sosumi.caf */,
			);
			name = sounds;
			sourceTree = "<group>";
		};
/* End PBXGroup section */

/* Begin PBXNativeTarget section */
		078BA2A515A7F82A005068A2 /* OpenAL-1 */ = {
			isa = PBXNativeTarget;
			buildConfigurationList = 078BA2C415A7F82A005068A2 /* Build configuration list for PBXNativeTarget "OpenAL-1" */;
			buildPhases = (
				078BA2A215A7F82A005068A2 /* Sources */,
				078BA2A315A7F82A005068A2 /* Frameworks */,
				078BA2A415A7F82A005068A2 /* Resources */,
			);
			buildRules = (
			);
			dependencies = (
			);
			name = "OpenAL-1";
			productName = "OpenAL-1";
			productReference = 078BA2A615A7F82A005068A2 /* OpenAL-1.app */;
			productType = "com.apple.product-type.application";
		};
/* End PBXNativeTarget section */

/* Begin PBXProject section */
		078BA29D15A7F82A005068A2 /* Project object */ = {
			isa = PBXProject;
			attributes = {
				LastUpgradeCheck = 0430;
			};
			buildConfigurationList = 078BA2A015A7F82A005068A2 /* Build configuration list for PBXProject "OpenAL-1" */;
			compatibilityVersion = "Xcode 3.2";
			developmentRegion = English;
			hasScannedForEncodings = 0;
			knownRegions = (
				en,
			);
			mainGroup = 078BA29B15A7F82A005068A2;
			productRefGroup = 078BA2A715A7F82A005068A2 /* Products */;
			projectDirPath = "";
			projectRoot = "";
			targets = (
				078BA2A515A7F82A005068A2 /* OpenAL-1 */,
			);
		};
/* End PBXProject section */

/* Begin PBXResourcesBuildPhase section */
		078BA2A415A7F82A005068A2 /* Resources */ = {
			isa = PBXResourcesBuildPhase;
			buildActionMask = 2147483647;
			files = (
				078BA2B515A7F82A005068A2 /* InfoPlist.strings in Resources */,
				078BA2BE15A7F82A005068A2 /* MainStoryboard.storyboard in Resources */,
				078BA2D015A7F8D9005068A2 /* Basso.caf in Resources */,
				078BA2D115A7F8D9005068A2 /* Sosumi.caf in Resources */,
			);
			runOnlyForDeploymentPostprocessing = 0;
		};
/* End PBXResourcesBuildPhase section */

/* Begin PBXSourcesBuildPhase section */
		078BA2A215A7F82A005068A2 /* Sources */ = {
			isa = PBXSourcesBuildPhase;
			buildActionMask = 2147483647;
			files = (
				078BA2B715A7F82A005068A2 /* main.m in Sources */,
				078BA2BB15A7F82A005068A2 /* AppDelegate.m in Sources */,
				078BA2C115A7F82A005068A2 /* ViewController.m in Sources */,
				078BA2CD15A7F8C9005068A2 /* OpenALHelper.m in Sources */,
			);
			runOnlyForDeploymentPostprocessing = 0;
		};
/* End PBXSourcesBuildPhase section */

/* Begin PBXVariantGroup section */
		078BA2B315A7F82A005068A2 /* InfoPlist.strings */ = {
			isa = PBXVariantGroup;
			children = (
				078BA2B415A7F82A005068A2 /* en */,
			);
			name = InfoPlist.strings;
			sourceTree = "<group>";
		};
		078BA2BC15A7F82A005068A2 /* MainStoryboard.storyboard */ = {
			isa = PBXVariantGroup;
			children = (
				078BA2BD15A7F82A005068A2 /* en */,
			);
			name = MainStoryboard.storyboard;
			sourceTree = "<group>";
		};
/* End PBXVariantGroup section */

/* Begin XCBuildConfiguration section */
		078BA2C215A7F82A005068A2 /* Debug */ = {
			isa = XCBuildConfiguration;
			buildSettings = {
				ALWAYS_SEARCH_USER_PATHS = NO;
				ARCHS = "$(ARCHS_STANDARD_32_BIT)";
				CLANG_ENABLE_OBJC_ARC = YES;
				"CODE_SIGN_IDENTITY[sdk=iphoneos*]" = "iPhone Developer";
				COPY_PHASE_STRIP = NO;
				GCC_C_LANGUAGE_STANDARD = gnu99;
				GCC_DYNAMIC_NO_PIC = NO;
				GCC_OPTIMIZATION_LEVEL = 0;
				GCC_PREPROCESSOR_DEFINITIONS = (
					"DEBUG=1",
					"$(inherited)",
				);
				GCC_SYMBOLS_PRIVATE_EXTERN = NO;
				GCC_VERSION = com.apple.compilers.llvm.clang.1_0;
				GCC_WARN_ABOUT_RETURN_TYPE = YES;
				GCC_WARN_UNINITIALIZED_AUTOS = YES;
				GCC_WARN_UNUSED_VARIABLE = YES;
				IPHONEOS_DEPLOYMENT_TARGET = 5.1;
				SDKROOT = iphoneos;
			};
			name = Debug;
		};
		078BA2C315A7F82A005068A2 /* Release */ = {
			isa = XCBuildConfiguration;
			buildSettings = {
				ALWAYS_SEARCH_USER_PATHS = NO;
				ARCHS = "$(ARCHS_STANDARD_32_BIT)";
				CLANG_ENABLE_OBJC_ARC = YES;
				"CODE_SIGN_IDENTITY[sdk=iphoneos*]" = "iPhone Developer";
				COPY_PHASE_STRIP = YES;
				GCC_C_LANGUAGE_STANDARD = gnu99;
				GCC_VERSION = com.apple.compilers.llvm.clang.1_0;
				GCC_WARN_ABOUT_RETURN_TYPE = YES;
				GCC_WARN_UNINITIALIZED_AUTOS = YES;
				GCC_WARN_UNUSED_VARIABLE = YES;
				IPHONEOS_DEPLOYMENT_TARGET = 5.1;
				OTHER_CFLAGS = "-DNS_BLOCK_ASSERTIONS=1";
				SDKROOT = iphoneos;
				VALIDATE_PRODUCT = YES;
			};
			name = Release;
		};
		078BA2C515A7F82A005068A2 /* Debug */ = {
			isa = XCBuildConfiguration;
			buildSettings = {
				GCC_PRECOMPILE_PREFIX_HEADER = YES;
				GCC_PREFIX_HEADER = "OpenAL-1/OpenAL-1-Prefix.pch";
				INFOPLIST_FILE = "OpenAL-1/OpenAL-1-Info.plist";
				PRODUCT_NAME = "$(TARGET_NAME)";
				WRAPPER_EXTENSION = app;
			};
			name = Debug;
		};
		078BA2C615A7F82A005068A2 /* Release */ = {
			isa = XCBuildConfiguration;
			buildSettings = {
				GCC_PRECOMPILE_PREFIX_HEADER = YES;
				GCC_PREFIX_HEADER = "OpenAL-1/OpenAL-1-Prefix.pch";
				INFOPLIST_FILE = "OpenAL-1/OpenAL-1-Info.plist";
				PRODUCT_NAME = "$(TARGET_NAME)";
				WRAPPER_EXTENSION = app;
			};
			name = Release;
		};
/* End XCBuildConfiguration section */

/* Begin XCConfigurationList section */
		078BA2A015A7F82A005068A2 /* Build configuration list for PBXProject "OpenAL-1" */ = {
			isa = XCConfigurationList;
			buildConfigurations = (
				078BA2C215A7F82A005068A2 /* Debug */,
				078BA2C315A7F82A005068A2 /* Release */,
			);
			defaultConfigurationIsVisible = 0;
			defaultConfigurationName = Release;
		};
		078BA2C415A7F82A005068A2 /* Build configuration list for PBXNativeTarget "OpenAL-1" */ = {
			isa = XCConfigurationList;
			buildConfigurations = (
				078BA2C515A7F82A005068A2 /* Debug */,
				078BA2C615A7F82A005068A2 /* Release */,
			);
			defaultConfigurationIsVisible = 0;
		};
/* End XCConfigurationList section */
	};
	rootObject = 078BA29D15A7F82A005068A2 /* Project object */;
}
